
Microsoft Visual Studio Solution File, Format Version 12.00
# Visual Studio Version 17
VisualStudioVersion = 17.0.31903.59
MinimumVisualStudioVersion = 10.0.40219.1
Project("{2150E333-8FDC-42A3-9474-1A3956D46DE8}") = "src", "src", "{570C5ED8-715C-4D32-BD83-B8F750403F1F}"
EndProject
Project("{2150E333-8FDC-42A3-9474-1A3956D46DE8}") = "Backend", "Backend", "{60172DC2-6236-4A4B-82AF-1CAAF28D0F39}"
EndProject
Project("{FAE04EC0-301F-11D3-BF4B-00C04F79EFBC}") = "API", "src\Backend\API\API.csproj", "{05015CF5-E397-483E-BB3D-EC2264FCAB3E}"
EndProject
Project("{FAE04EC0-301F-11D3-BF4B-00C04F79EFBC}") = "Application", "src\Backend\Application\Application.csproj", "{650C16D3-E33C-4788-97A9-0E7111A110F9}"
EndProject
Project("{FAE04EC0-301F-11D3-BF4B-00C04F79EFBC}") = "Domain", "src\Backend\Domain\Domain.csproj", "{120E5679-3F5F-4BF2-BB57-A3126E06DBA1}"
EndProject
Project("{FAE04EC0-301F-11D3-BF4B-00C04F79EFBC}") = "Infrastructure", "src\Backend\Infrastructure\Infrastructure.csproj", "{F6C7072D-F45B-4497-A61F-27CEBD6F2900}"
EndProject
Project("{2150E333-8FDC-42A3-9474-1A3956D46DE8}") = "Shared", "Shared", "{B5941267-5485-404C-9DE2-85CCBA7A8EC4}"
EndProject
Project("{FAE04EC0-301F-11D3-BF4B-00C04F79EFBC}") = "Communication", "src\Shared\Communication\Communication.csproj", "{03A03B97-226D-45DC-9A79-8809355A0D02}"
EndProject
Project("{FAE04EC0-301F-11D3-BF4B-00C04F79EFBC}") = "Exceptions", "src\Shared\Exceptions\Exceptions.csproj", "{0E13749A-CC6E-4FFE-949C-B7F40A3C04BE}"
EndProject
Project("{2150E333-8FDC-42A3-9474-1A3956D46DE8}") = "tests", "tests", "{821EBA99-2212-440E-951B-872F88620ADD}"
EndProject
Project("{FAE04EC0-301F-11D3-BF4B-00C04F79EFBC}") = "Validators.Test", "tests\Validators.Test\Validators.Test.csproj", "{848E493A-09C3-4D0A-9C88-82F0EDAD48C2}"
EndProject
Project("{FAE04EC0-301F-11D3-BF4B-00C04F79EFBC}") = "CommonTestUtilities", "tests\CommonTestUtilities\CommonTestUtilities.csproj", "{FCC19977-5D57-4889-B5B5-2D9B905BD2B1}"
EndProject
Project("{FAE04EC0-301F-11D3-BF4B-00C04F79EFBC}") = "UseCases.Test", "tests\UseCases.Test\UseCases.Test.csproj", "{E866957F-08E0-4B77-B329-3A9F91053AFA}"
EndProject
Global
	GlobalSection(SolutionConfigurationPlatforms) = preSolution
		Debug|Any CPU = Debug|Any CPU
		Release|Any CPU = Release|Any CPU
	EndGlobalSection
	GlobalSection(SolutionProperties) = preSolution
		HideSolutionNode = FALSE
	EndGlobalSection
	GlobalSection(ProjectConfigurationPlatforms) = postSolution
		{05015CF5-E397-483E-BB3D-EC2264FCAB3E}.Debug|Any CPU.ActiveCfg = Debug|Any CPU
		{05015CF5-E397-483E-BB3D-EC2264FCAB3E}.Debug|Any CPU.Build.0 = Debug|Any CPU
		{05015CF5-E397-483E-BB3D-EC2264FCAB3E}.Release|Any CPU.ActiveCfg = Release|Any CPU
		{05015CF5-E397-483E-BB3D-EC2264FCAB3E}.Release|Any CPU.Build.0 = Release|Any CPU
		{650C16D3-E33C-4788-97A9-0E7111A110F9}.Debug|Any CPU.ActiveCfg = Debug|Any CPU
		{650C16D3-E33C-4788-97A9-0E7111A110F9}.Debug|Any CPU.Build.0 = Debug|Any CPU
		{650C16D3-E33C-4788-97A9-0E7111A110F9}.Release|Any CPU.ActiveCfg = Release|Any CPU
		{650C16D3-E33C-4788-97A9-0E7111A110F9}.Release|Any CPU.Build.0 = Release|Any CPU
		{120E5679-3F5F-4BF2-BB57-A3126E06DBA1}.Debug|Any CPU.ActiveCfg = Debug|Any CPU
		{120E5679-3F5F-4BF2-BB57-A3126E06DBA1}.Debug|Any CPU.Build.0 = Debug|Any CPU
		{120E5679-3F5F-4BF2-BB57-A3126E06DBA1}.Release|Any CPU.ActiveCfg = Release|Any CPU
		{120E5679-3F5F-4BF2-BB57-A3126E06DBA1}.Release|Any CPU.Build.0 = Release|Any CPU
		{F6C7072D-F45B-4497-A61F-27CEBD6F2900}.Debug|Any CPU.ActiveCfg = Debug|Any CPU
		{F6C7072D-F45B-4497-A61F-27CEBD6F2900}.Debug|Any CPU.Build.0 = Debug|Any CPU
		{F6C7072D-F45B-4497-A61F-27CEBD6F2900}.Release|Any CPU.ActiveCfg = Release|Any CPU
		{F6C7072D-F45B-4497-A61F-27CEBD6F2900}.Release|Any CPU.Build.0 = Release|Any CPU
		{03A03B97-226D-45DC-9A79-8809355A0D02}.Debug|Any CPU.ActiveCfg = Debug|Any CPU
		{03A03B97-226D-45DC-9A79-8809355A0D02}.Debug|Any CPU.Build.0 = Debug|Any CPU
		{03A03B97-226D-45DC-9A79-8809355A0D02}.Release|Any CPU.ActiveCfg = Release|Any CPU
		{03A03B97-226D-45DC-9A79-8809355A0D02}.Release|Any CPU.Build.0 = Release|Any CPU
		{0E13749A-CC6E-4FFE-949C-B7F40A3C04BE}.Debug|Any CPU.ActiveCfg = Debug|Any CPU
		{0E13749A-CC6E-4FFE-949C-B7F40A3C04BE}.Debug|Any CPU.Build.0 = Debug|Any CPU
		{0E13749A-CC6E-4FFE-949C-B7F40A3C04BE}.Release|Any CPU.ActiveCfg = Release|Any CPU
		{0E13749A-CC6E-4FFE-949C-B7F40A3C04BE}.Release|Any CPU.Build.0 = Release|Any CPU
		{848E493A-09C3-4D0A-9C88-82F0EDAD48C2}.Debug|Any CPU.ActiveCfg = Debug|Any CPU
		{848E493A-09C3-4D0A-9C88-82F0EDAD48C2}.Debug|Any CPU.Build.0 = Debug|Any CPU
		{848E493A-09C3-4D0A-9C88-82F0EDAD48C2}.Release|Any CPU.ActiveCfg = Release|Any CPU
		{848E493A-09C3-4D0A-9C88-82F0EDAD48C2}.Release|Any CPU.Build.0 = Release|Any CPU
		{FCC19977-5D57-4889-B5B5-2D9B905BD2B1}.Debug|Any CPU.ActiveCfg = Debug|Any CPU
		{FCC19977-5D57-4889-B5B5-2D9B905BD2B1}.Debug|Any CPU.Build.0 = Debug|Any CPU
		{FCC19977-5D57-4889-B5B5-2D9B905BD2B1}.Release|Any CPU.ActiveCfg = Release|Any CPU
		{FCC19977-5D57-4889-B5B5-2D9B905BD2B1}.Release|Any CPU.Build.0 = Release|Any CPU
		{E866957F-08E0-4B77-B329-3A9F91053AFA}.Debug|Any CPU.ActiveCfg = Debug|Any CPU
		{E866957F-08E0-4B77-B329-3A9F91053AFA}.Debug|Any CPU.Build.0 = Debug|Any CPU
		{E866957F-08E0-4B77-B329-3A9F91053AFA}.Release|Any CPU.ActiveCfg = Release|Any CPU
		{E866957F-08E0-4B77-B329-3A9F91053AFA}.Release|Any CPU.Build.0 = Release|Any CPU
	EndGlobalSection
	GlobalSection(NestedProjects) = preSolution
		{60172DC2-6236-4A4B-82AF-1CAAF28D0F39} = {570C5ED8-715C-4D32-BD83-B8F750403F1F}
		{05015CF5-E397-483E-BB3D-EC2264FCAB3E} = {60172DC2-6236-4A4B-82AF-1CAAF28D0F39}
		{650C16D3-E33C-4788-97A9-0E7111A110F9} = {60172DC2-6236-4A4B-82AF-1CAAF28D0F39}
		{120E5679-3F5F-4BF2-BB57-A3126E06DBA1} = {60172DC2-6236-4A4B-82AF-1CAAF28D0F39}
		{F6C7072D-F45B-4497-A61F-27CEBD6F2900} = {60172DC2-6236-4A4B-82AF-1CAAF28D0F39}
		{B5941267-5485-404C-9DE2-85CCBA7A8EC4} = {570C5ED8-715C-4D32-BD83-B8F750403F1F}
		{03A03B97-226D-45DC-9A79-8809355A0D02} = {B5941267-5485-404C-9DE2-85CCBA7A8EC4}
		{0E13749A-CC6E-4FFE-949C-B7F40A3C04BE} = {B5941267-5485-404C-9DE2-85CCBA7A8EC4}
		{848E493A-09C3-4D0A-9C88-82F0EDAD48C2} = {821EBA99-2212-440E-951B-872F88620ADD}
		{FCC19977-5D57-4889-B5B5-2D9B905BD2B1} = {821EBA99-2212-440E-951B-872F88620ADD}
		{E866957F-08E0-4B77-B329-3A9F91053AFA} = {821EBA99-2212-440E-951B-872F88620ADD}
	EndGlobalSection
EndGlobal
